// !$*UTF8*$!
{
	archiveVersion = 1;
	classes = {
	};
	objectVersion = 50;
	objects = {

/* Begin PBXBuildFile section */
		EF3D06A524B453180001CD11 /* FollowerListVC.swift in Sources */ = {isa = PBXBuildFile; fileRef = EF3D06A424B453180001CD11 /* FollowerListVC.swift */; };
		EF3D06A724B48DB50001CD11 /* GFTitleLabel.swift in Sources */ = {isa = PBXBuildFile; fileRef = EF3D06A624B48DB50001CD11 /* GFTitleLabel.swift */; };
		EF3D06A924B490630001CD11 /* GFBodyLabel.swift in Sources */ = {isa = PBXBuildFile; fileRef = EF3D06A824B490630001CD11 /* GFBodyLabel.swift */; };
		EF3D06AB24B492050001CD11 /* GFAlertVC.swift in Sources */ = {isa = PBXBuildFile; fileRef = EF3D06AA24B492050001CD11 /* GFAlertVC.swift */; };
		EF3D06AD24B4F00B0001CD11 /* UIViewController+Ext.swift in Sources */ = {isa = PBXBuildFile; fileRef = EF3D06AC24B4F00B0001CD11 /* UIViewController+Ext.swift */; };
		EF3D06B624B567680001CD11 /* Follower.swift in Sources */ = {isa = PBXBuildFile; fileRef = EF3D06B524B567680001CD11 /* Follower.swift */; };
		EF3D06B824B5683B0001CD11 /* User.swift in Sources */ = {isa = PBXBuildFile; fileRef = EF3D06B724B5683B0001CD11 /* User.swift */; };
		EF3D06BB24B577B40001CD11 /* NetworkManager.swift in Sources */ = {isa = PBXBuildFile; fileRef = EF3D06BA24B577B40001CD11 /* NetworkManager.swift */; };
		EF3D06BE24B58D5D0001CD11 /* GFError.swift in Sources */ = {isa = PBXBuildFile; fileRef = EF3D06BD24B58D5D0001CD11 /* GFError.swift */; };
		EF3D06C124B6F4170001CD11 /* FollowerCell.swift in Sources */ = {isa = PBXBuildFile; fileRef = EF3D06C024B6F4170001CD11 /* FollowerCell.swift */; };
		EF3D06C324B6F5060001CD11 /* GFAvatarImageView.swift in Sources */ = {isa = PBXBuildFile; fileRef = EF3D06C224B6F5060001CD11 /* GFAvatarImageView.swift */; };
		EF3D06C524B848D60001CD11 /* UIHelper.swift in Sources */ = {isa = PBXBuildFile; fileRef = EF3D06C424B848D60001CD11 /* UIHelper.swift */; };
		EF52DE1324DA6D4F00C0EB0D /* UIView+Ext.swift in Sources */ = {isa = PBXBuildFile; fileRef = EF52DE1224DA6D4F00C0EB0D /* UIView+Ext.swift */; };
		EF52DE1524DBEDFD00C0EB0D /* UITableView+Ext.swift in Sources */ = {isa = PBXBuildFile; fileRef = EF52DE1424DBEDFD00C0EB0D /* UITableView+Ext.swift */; };
		EF84255024C96C40003707FB /* GFAlertContainerView.swift in Sources */ = {isa = PBXBuildFile; fileRef = EF84254F24C96C40003707FB /* GFAlertContainerView.swift */; };
		EF84255224CAEF12003707FB /* GFDataLoadingVC.swift in Sources */ = {isa = PBXBuildFile; fileRef = EF84255124CAEF12003707FB /* GFDataLoadingVC.swift */; };
		EFC2BC4924C2EBBD00A662D6 /* GFItemInfoView.swift in Sources */ = {isa = PBXBuildFile; fileRef = EFC2BC4824C2EBBD00A662D6 /* GFItemInfoView.swift */; };
		EFC2BC4B24C3006400A662D6 /* GFItemInfoVC.swift in Sources */ = {isa = PBXBuildFile; fileRef = EFC2BC4A24C3006400A662D6 /* GFItemInfoVC.swift */; };
		EFC2BC4F24C3211E00A662D6 /* GFFollowerItemVC.swift in Sources */ = {isa = PBXBuildFile; fileRef = EFC2BC4E24C3211E00A662D6 /* GFFollowerItemVC.swift */; };
		EFC2BC5224C42EA900A662D6 /* Date+Ext.swift in Sources */ = {isa = PBXBuildFile; fileRef = EFC2BC5124C42EA900A662D6 /* Date+Ext.swift */; };
		EFC2BC5424C42F3E00A662D6 /* String+Ext.swift in Sources */ = {isa = PBXBuildFile; fileRef = EFC2BC5324C42F3E00A662D6 /* String+Ext.swift */; };
		EFC2BC5624C46FCB00A662D6 /* GFRepoItemVC.swift in Sources */ = {isa = PBXBuildFile; fileRef = EFC2BC5524C46FCB00A662D6 /* GFRepoItemVC.swift */; };
		EFD690F824C6B5580007A031 /* PersistenceManager.swift in Sources */ = {isa = PBXBuildFile; fileRef = EFD690F724C6B5580007A031 /* PersistenceManager.swift */; };
		EFD690FA24C6EB920007A031 /* FavoriteCell.swift in Sources */ = {isa = PBXBuildFile; fileRef = EFD690F924C6EB920007A031 /* FavoriteCell.swift */; };
		EFD690FD24C81A7A0007A031 /* GFTabBarController.swift in Sources */ = {isa = PBXBuildFile; fileRef = EFD690FC24C81A7A0007A031 /* GFTabBarController.swift */; };
		EFEC312324B3147D00C3BD13 /* AppDelegate.swift in Sources */ = {isa = PBXBuildFile; fileRef = EFEC312224B3147D00C3BD13 /* AppDelegate.swift */; };
		EFEC312524B3147D00C3BD13 /* SceneDelegate.swift in Sources */ = {isa = PBXBuildFile; fileRef = EFEC312424B3147D00C3BD13 /* SceneDelegate.swift */; };
		EFEC312C24B3148000C3BD13 /* Assets.xcassets in Resources */ = {isa = PBXBuildFile; fileRef = EFEC312B24B3148000C3BD13 /* Assets.xcassets */; };
		EFEC312F24B3148000C3BD13 /* LaunchScreen.storyboard in Resources */ = {isa = PBXBuildFile; fileRef = EFEC312D24B3148000C3BD13 /* LaunchScreen.storyboard */; };
		EFEC313724B3419C00C3BD13 /* SearchVC.swift in Sources */ = {isa = PBXBuildFile; fileRef = EFEC313624B3419C00C3BD13 /* SearchVC.swift */; };
		EFEC313924B341EE00C3BD13 /* FavoritesListVC.swift in Sources */ = {isa = PBXBuildFile; fileRef = EFEC313824B341EE00C3BD13 /* FavoritesListVC.swift */; };
		EFEC313B24B3992C00C3BD13 /* GFButton.swift in Sources */ = {isa = PBXBuildFile; fileRef = EFEC313A24B3992C00C3BD13 /* GFButton.swift */; };
		EFEC313D24B39DE600C3BD13 /* GFTextField.swift in Sources */ = {isa = PBXBuildFile; fileRef = EFEC313C24B39DE600C3BD13 /* GFTextField.swift */; };
		EFEE819C24BB0C74006495BA /* GFEmptyStateView.swift in Sources */ = {isa = PBXBuildFile; fileRef = EFEE819B24BB0C74006495BA /* GFEmptyStateView.swift */; };
		EFEE819E24BCF1F6006495BA /* UserInfoVC.swift in Sources */ = {isa = PBXBuildFile; fileRef = EFEE819D24BCF1F6006495BA /* UserInfoVC.swift */; };
		EFEE81A024BD9E26006495BA /* GFUserInfoHeaderVC.swift in Sources */ = {isa = PBXBuildFile; fileRef = EFEE819F24BD9E26006495BA /* GFUserInfoHeaderVC.swift */; };
		EFEE81A224BECBD6006495BA /* GFSecondaryTitleLabel.swift in Sources */ = {isa = PBXBuildFile; fileRef = EFEE81A124BECBD6006495BA /* GFSecondaryTitleLabel.swift */; };
		EFEE81A424BEDD63006495BA /* Constants.swift in Sources */ = {isa = PBXBuildFile; fileRef = EFEE81A324BEDD63006495BA /* Constants.swift */; };
/* End PBXBuildFile section */

/* Begin PBXFileReference section */
		EF3D06A424B453180001CD11 /* FollowerListVC.swift */ = {isa = PBXFileReference; lastKnownFileType = sourcecode.swift; path = FollowerListVC.swift; sourceTree = "<group>"; };
		EF3D06A624B48DB50001CD11 /* GFTitleLabel.swift */ = {isa = PBXFileReference; lastKnownFileType = sourcecode.swift; path = GFTitleLabel.swift; sourceTree = "<group>"; };
		EF3D06A824B490630001CD11 /* GFBodyLabel.swift */ = {isa = PBXFileReference; lastKnownFileType = sourcecode.swift; path = GFBodyLabel.swift; sourceTree = "<group>"; };
		EF3D06AA24B492050001CD11 /* GFAlertVC.swift */ = {isa = PBXFileReference; lastKnownFileType = sourcecode.swift; path = GFAlertVC.swift; sourceTree = "<group>"; };
		EF3D06AC24B4F00B0001CD11 /* UIViewController+Ext.swift */ = {isa = PBXFileReference; lastKnownFileType = sourcecode.swift; path = "UIViewController+Ext.swift"; sourceTree = "<group>"; };
		EF3D06B524B567680001CD11 /* Follower.swift */ = {isa = PBXFileReference; lastKnownFileType = sourcecode.swift; path = Follower.swift; sourceTree = "<group>"; };
		EF3D06B724B5683B0001CD11 /* User.swift */ = {isa = PBXFileReference; lastKnownFileType = sourcecode.swift; path = User.swift; sourceTree = "<group>"; };
		EF3D06BA24B577B40001CD11 /* NetworkManager.swift */ = {isa = PBXFileReference; lastKnownFileType = sourcecode.swift; path = NetworkManager.swift; sourceTree = "<group>"; };
		EF3D06BD24B58D5D0001CD11 /* GFError.swift */ = {isa = PBXFileReference; lastKnownFileType = sourcecode.swift; path = GFError.swift; sourceTree = "<group>"; };
		EF3D06C024B6F4170001CD11 /* FollowerCell.swift */ = {isa = PBXFileReference; lastKnownFileType = sourcecode.swift; path = FollowerCell.swift; sourceTree = "<group>"; };
		EF3D06C224B6F5060001CD11 /* GFAvatarImageView.swift */ = {isa = PBXFileReference; lastKnownFileType = sourcecode.swift; path = GFAvatarImageView.swift; sourceTree = "<group>"; };
		EF3D06C424B848D60001CD11 /* UIHelper.swift */ = {isa = PBXFileReference; lastKnownFileType = sourcecode.swift; path = UIHelper.swift; sourceTree = "<group>"; };
		EF52DE1224DA6D4F00C0EB0D /* UIView+Ext.swift */ = {isa = PBXFileReference; lastKnownFileType = sourcecode.swift; path = "UIView+Ext.swift"; sourceTree = "<group>"; };
		EF52DE1424DBEDFD00C0EB0D /* UITableView+Ext.swift */ = {isa = PBXFileReference; lastKnownFileType = sourcecode.swift; path = "UITableView+Ext.swift"; sourceTree = "<group>"; };
		EF84254F24C96C40003707FB /* GFAlertContainerView.swift */ = {isa = PBXFileReference; lastKnownFileType = sourcecode.swift; path = GFAlertContainerView.swift; sourceTree = "<group>"; };
		EF84255124CAEF12003707FB /* GFDataLoadingVC.swift */ = {isa = PBXFileReference; lastKnownFileType = sourcecode.swift; path = GFDataLoadingVC.swift; sourceTree = "<group>"; };
		EFC2BC4824C2EBBD00A662D6 /* GFItemInfoView.swift */ = {isa = PBXFileReference; lastKnownFileType = sourcecode.swift; path = GFItemInfoView.swift; sourceTree = "<group>"; };
		EFC2BC4A24C3006400A662D6 /* GFItemInfoVC.swift */ = {isa = PBXFileReference; lastKnownFileType = sourcecode.swift; path = GFItemInfoVC.swift; sourceTree = "<group>"; };
		EFC2BC4E24C3211E00A662D6 /* GFFollowerItemVC.swift */ = {isa = PBXFileReference; lastKnownFileType = sourcecode.swift; path = GFFollowerItemVC.swift; sourceTree = "<group>"; };
		EFC2BC5124C42EA900A662D6 /* Date+Ext.swift */ = {isa = PBXFileReference; lastKnownFileType = sourcecode.swift; path = "Date+Ext.swift"; sourceTree = "<group>"; };
		EFC2BC5324C42F3E00A662D6 /* String+Ext.swift */ = {isa = PBXFileReference; lastKnownFileType = sourcecode.swift; path = "String+Ext.swift"; sourceTree = "<group>"; };
		EFC2BC5524C46FCB00A662D6 /* GFRepoItemVC.swift */ = {isa = PBXFileReference; lastKnownFileType = sourcecode.swift; path = GFRepoItemVC.swift; sourceTree = "<group>"; };
		EFD690F724C6B5580007A031 /* PersistenceManager.swift */ = {isa = PBXFileReference; lastKnownFileType = sourcecode.swift; path = PersistenceManager.swift; sourceTree = "<group>"; };
		EFD690F924C6EB920007A031 /* FavoriteCell.swift */ = {isa = PBXFileReference; lastKnownFileType = sourcecode.swift; path = FavoriteCell.swift; sourceTree = "<group>"; };
		EFD690FC24C81A7A0007A031 /* GFTabBarController.swift */ = {isa = PBXFileReference; lastKnownFileType = sourcecode.swift; path = GFTabBarController.swift; sourceTree = "<group>"; };
		EFEC311F24B3147D00C3BD13 /* GitHubFollowers.app */ = {isa = PBXFileReference; explicitFileType = wrapper.application; includeInIndex = 0; path = GitHubFollowers.app; sourceTree = BUILT_PRODUCTS_DIR; };
		EFEC312224B3147D00C3BD13 /* AppDelegate.swift */ = {isa = PBXFileReference; lastKnownFileType = sourcecode.swift; path = AppDelegate.swift; sourceTree = "<group>"; };
		EFEC312424B3147D00C3BD13 /* SceneDelegate.swift */ = {isa = PBXFileReference; lastKnownFileType = sourcecode.swift; path = SceneDelegate.swift; sourceTree = "<group>"; };
		EFEC312B24B3148000C3BD13 /* Assets.xcassets */ = {isa = PBXFileReference; lastKnownFileType = folder.assetcatalog; path = Assets.xcassets; sourceTree = "<group>"; };
		EFEC312E24B3148000C3BD13 /* Base */ = {isa = PBXFileReference; lastKnownFileType = file.storyboard; name = Base; path = Base.lproj/LaunchScreen.storyboard; sourceTree = "<group>"; };
		EFEC313024B3148000C3BD13 /* Info.plist */ = {isa = PBXFileReference; lastKnownFileType = text.plist.xml; path = Info.plist; sourceTree = "<group>"; };
		EFEC313624B3419C00C3BD13 /* SearchVC.swift */ = {isa = PBXFileReference; lastKnownFileType = sourcecode.swift; path = SearchVC.swift; sourceTree = "<group>"; };
		EFEC313824B341EE00C3BD13 /* FavoritesListVC.swift */ = {isa = PBXFileReference; lastKnownFileType = sourcecode.swift; path = FavoritesListVC.swift; sourceTree = "<group>"; };
		EFEC313A24B3992C00C3BD13 /* GFButton.swift */ = {isa = PBXFileReference; lastKnownFileType = sourcecode.swift; path = GFButton.swift; sourceTree = "<group>"; };
		EFEC313C24B39DE600C3BD13 /* GFTextField.swift */ = {isa = PBXFileReference; lastKnownFileType = sourcecode.swift; path = GFTextField.swift; sourceTree = "<group>"; };
		EFEE819B24BB0C74006495BA /* GFEmptyStateView.swift */ = {isa = PBXFileReference; lastKnownFileType = sourcecode.swift; path = GFEmptyStateView.swift; sourceTree = "<group>"; };
		EFEE819D24BCF1F6006495BA /* UserInfoVC.swift */ = {isa = PBXFileReference; lastKnownFileType = sourcecode.swift; path = UserInfoVC.swift; sourceTree = "<group>"; };
		EFEE819F24BD9E26006495BA /* GFUserInfoHeaderVC.swift */ = {isa = PBXFileReference; lastKnownFileType = sourcecode.swift; path = GFUserInfoHeaderVC.swift; sourceTree = "<group>"; };
		EFEE81A124BECBD6006495BA /* GFSecondaryTitleLabel.swift */ = {isa = PBXFileReference; lastKnownFileType = sourcecode.swift; path = GFSecondaryTitleLabel.swift; sourceTree = "<group>"; };
		EFEE81A324BEDD63006495BA /* Constants.swift */ = {isa = PBXFileReference; lastKnownFileType = sourcecode.swift; path = Constants.swift; sourceTree = "<group>"; };
/* End PBXFileReference section */

/* Begin PBXFrameworksBuildPhase section */
		EFEC311C24B3147D00C3BD13 /* Frameworks */ = {
			isa = PBXFrameworksBuildPhase;
			buildActionMask = 2147483647;
			files = (
			);
			runOnlyForDeploymentPostprocessing = 0;
		};
/* End PBXFrameworksBuildPhase section */

/* Begin PBXGroup section */
		EF3D06AE24B4F9850001CD11 /* Screens */ = {
			isa = PBXGroup;
			children = (
				EFEC313624B3419C00C3BD13 /* SearchVC.swift */,
				EF3D06A424B453180001CD11 /* FollowerListVC.swift */,
				EFEC313824B341EE00C3BD13 /* FavoritesListVC.swift */,
				EFEE819D24BCF1F6006495BA /* UserInfoVC.swift */,
			);
			path = Screens;
			sourceTree = "<group>";
		};
		EF3D06AF24B4F9B50001CD11 /* Custom Views */ = {
			isa = PBXGroup;
			children = (
				EFD690FB24C81A2C0007A031 /* TabBarControllers */,
				EFEE819A24BB0C1E006495BA /* ViewControllers */,
				EFEE819924BB0BD5006495BA /* Labels */,
				EFEE819824BB0BC7006495BA /* ImageViews */,
				EFEE819724BB0B9C006495BA /* TextFields */,
				EFEE819624BB0B93006495BA /* Buttons */,
				EFEE819524BB0B86006495BA /* Views */,
				EF3D06BF24B6F38B0001CD11 /* Cells */,
			);
			path = "Custom Views";
			sourceTree = "<group>";
		};
		EF3D06B024B4F9DA0001CD11 /* Support */ = {
			isa = PBXGroup;
			children = (
				EFEC312224B3147D00C3BD13 /* AppDelegate.swift */,
				EFEC312424B3147D00C3BD13 /* SceneDelegate.swift */,
				EFEC312B24B3148000C3BD13 /* Assets.xcassets */,
				EFEC312D24B3148000C3BD13 /* LaunchScreen.storyboard */,
			);
			path = Support;
			sourceTree = "<group>";
		};
		EF3D06B124B4F9F30001CD11 /* Extensions */ = {
			isa = PBXGroup;
			children = (
				EF3D06AC24B4F00B0001CD11 /* UIViewController+Ext.swift */,
				EFC2BC5124C42EA900A662D6 /* Date+Ext.swift */,
				EFC2BC5324C42F3E00A662D6 /* String+Ext.swift */,
				EF52DE1224DA6D4F00C0EB0D /* UIView+Ext.swift */,
				EF52DE1424DBEDFD00C0EB0D /* UITableView+Ext.swift */,
			);
			path = Extensions;
			sourceTree = "<group>";
		};
		EF3D06B424B567420001CD11 /* Model */ = {
			isa = PBXGroup;
			children = (
				EF3D06B524B567680001CD11 /* Follower.swift */,
				EF3D06B724B5683B0001CD11 /* User.swift */,
			);
			path = Model;
			sourceTree = "<group>";
		};
		EF3D06B924B577900001CD11 /* Managers */ = {
			isa = PBXGroup;
			children = (
				EF3D06BA24B577B40001CD11 /* NetworkManager.swift */,
				EFD690F724C6B5580007A031 /* PersistenceManager.swift */,
			);
			path = Managers;
			sourceTree = "<group>";
		};
		EF3D06BC24B58D2A0001CD11 /* Utillities */ = {
			isa = PBXGroup;
			children = (
				EF3D06BD24B58D5D0001CD11 /* GFError.swift */,
				EF3D06C424B848D60001CD11 /* UIHelper.swift */,
				EFEE81A324BEDD63006495BA /* Constants.swift */,
			);
			path = Utillities;
			sourceTree = "<group>";
		};
		EF3D06BF24B6F38B0001CD11 /* Cells */ = {
			isa = PBXGroup;
			children = (
				EF3D06C024B6F4170001CD11 /* FollowerCell.swift */,
				EFD690F924C6EB920007A031 /* FavoriteCell.swift */,
			);
			path = Cells;
			sourceTree = "<group>";
		};
		EFC2BC5024C322EA00A662D6 /* ItemInfoVCs */ = {
			isa = PBXGroup;
			children = (
				EFC2BC4A24C3006400A662D6 /* GFItemInfoVC.swift */,
				EFC2BC5524C46FCB00A662D6 /* GFRepoItemVC.swift */,
				EFC2BC4E24C3211E00A662D6 /* GFFollowerItemVC.swift */,
			);
			path = ItemInfoVCs;
			sourceTree = "<group>";
		};
		EFD690FB24C81A2C0007A031 /* TabBarControllers */ = {
			isa = PBXGroup;
			children = (
				EFD690FC24C81A7A0007A031 /* GFTabBarController.swift */,
			);
			path = TabBarControllers;
			sourceTree = "<group>";
		};
		EFEC311624B3147D00C3BD13 = {
			isa = PBXGroup;
			children = (
				EFEC312124B3147D00C3BD13 /* GitHubFollowers */,
				EFEC312024B3147D00C3BD13 /* Products */,
			);
			sourceTree = "<group>";
		};
		EFEC312024B3147D00C3BD13 /* Products */ = {
			isa = PBXGroup;
			children = (
				EFEC311F24B3147D00C3BD13 /* GitHubFollowers.app */,
			);
			name = Products;
			sourceTree = "<group>";
		};
		EFEC312124B3147D00C3BD13 /* GitHubFollowers */ = {
			isa = PBXGroup;
			children = (
				EF3D06BC24B58D2A0001CD11 /* Utillities */,
				EF3D06B924B577900001CD11 /* Managers */,
				EF3D06B424B567420001CD11 /* Model */,
				EF3D06B124B4F9F30001CD11 /* Extensions */,
				EF3D06AF24B4F9B50001CD11 /* Custom Views */,
				EF3D06AE24B4F9850001CD11 /* Screens */,
				EF3D06B024B4F9DA0001CD11 /* Support */,
				EFEC313024B3148000C3BD13 /* Info.plist */,
			);
			path = GitHubFollowers;
			sourceTree = "<group>";
		};
		EFEE819524BB0B86006495BA /* Views */ = {
			isa = PBXGroup;
			children = (
				EFEE819B24BB0C74006495BA /* GFEmptyStateView.swift */,
				EFC2BC4824C2EBBD00A662D6 /* GFItemInfoView.swift */,
				EF84254F24C96C40003707FB /* GFAlertContainerView.swift */,
			);
			path = Views;
			sourceTree = "<group>";
		};
		EFEE819624BB0B93006495BA /* Buttons */ = {
			isa = PBXGroup;
			children = (
				EFEC313A24B3992C00C3BD13 /* GFButton.swift */,
			);
			path = Buttons;
			sourceTree = "<group>";
		};
		EFEE819724BB0B9C006495BA /* TextFields */ = {
			isa = PBXGroup;
			children = (
				EFEC313C24B39DE600C3BD13 /* GFTextField.swift */,
			);
			path = TextFields;
			sourceTree = "<group>";
		};
		EFEE819824BB0BC7006495BA /* ImageViews */ = {
			isa = PBXGroup;
			children = (
				EF3D06C224B6F5060001CD11 /* GFAvatarImageView.swift */,
			);
			path = ImageViews;
			sourceTree = "<group>";
		};
		EFEE819924BB0BD5006495BA /* Labels */ = {
			isa = PBXGroup;
			children = (
				EF3D06A624B48DB50001CD11 /* GFTitleLabel.swift */,
				EF3D06A824B490630001CD11 /* GFBodyLabel.swift */,
				EFEE81A124BECBD6006495BA /* GFSecondaryTitleLabel.swift */,
			);
			path = Labels;
			sourceTree = "<group>";
		};
		EFEE819A24BB0C1E006495BA /* ViewControllers */ = {
			isa = PBXGroup;
			children = (
				EFC2BC5024C322EA00A662D6 /* ItemInfoVCs */,
				EF3D06AA24B492050001CD11 /* GFAlertVC.swift */,
				EFEE819F24BD9E26006495BA /* GFUserInfoHeaderVC.swift */,
				EF84255124CAEF12003707FB /* GFDataLoadingVC.swift */,
			);
			path = ViewControllers;
			sourceTree = "<group>";
		};
/* End PBXGroup section */

/* Begin PBXNativeTarget section */
		EFEC311E24B3147D00C3BD13 /* GitHubFollowers */ = {
			isa = PBXNativeTarget;
			buildConfigurationList = EFEC313324B3148000C3BD13 /* Build configuration list for PBXNativeTarget "GitHubFollowers" */;
			buildPhases = (
				EFEC311B24B3147D00C3BD13 /* Sources */,
				EFEC311C24B3147D00C3BD13 /* Frameworks */,
				EFEC311D24B3147D00C3BD13 /* Resources */,
			);
			buildRules = (
			);
			dependencies = (
			);
			name = GitHubFollowers;
			productName = GitHubFollowers;
			productReference = EFEC311F24B3147D00C3BD13 /* GitHubFollowers.app */;
			productType = "com.apple.product-type.application";
		};
/* End PBXNativeTarget section */

/* Begin PBXProject section */
		EFEC311724B3147D00C3BD13 /* Project object */ = {
			isa = PBXProject;
			attributes = {
				LastSwiftUpdateCheck = 1150;
				LastUpgradeCheck = 1150;
				ORGANIZATIONNAME = KHAIRI;
				TargetAttributes = {
					EFEC311E24B3147D00C3BD13 = {
						CreatedOnToolsVersion = 11.5;
					};
				};
			};
			buildConfigurationList = EFEC311A24B3147D00C3BD13 /* Build configuration list for PBXProject "GitHubFollowers" */;
			compatibilityVersion = "Xcode 9.3";
			developmentRegion = en;
			hasScannedForEncodings = 0;
			knownRegions = (
				en,
				Base,
			);
			mainGroup = EFEC311624B3147D00C3BD13;
			productRefGroup = EFEC312024B3147D00C3BD13 /* Products */;
			projectDirPath = "";
			projectRoot = "";
			targets = (
				EFEC311E24B3147D00C3BD13 /* GitHubFollowers */,
			);
		};
/* End PBXProject section */

/* Begin PBXResourcesBuildPhase section */
		EFEC311D24B3147D00C3BD13 /* Resources */ = {
			isa = PBXResourcesBuildPhase;
			buildActionMask = 2147483647;
			files = (
				EFEC312F24B3148000C3BD13 /* LaunchScreen.storyboard in Resources */,
				EFEC312C24B3148000C3BD13 /* Assets.xcassets in Resources */,
			);
			runOnlyForDeploymentPostprocessing = 0;
		};
/* End PBXResourcesBuildPhase section */

/* Begin PBXSourcesBuildPhase section */
		EFEC311B24B3147D00C3BD13 /* Sources */ = {
			isa = PBXSourcesBuildPhase;
			buildActionMask = 2147483647;
			files = (
				EF3D06B824B5683B0001CD11 /* User.swift in Sources */,
				EFC2BC5624C46FCB00A662D6 /* GFRepoItemVC.swift in Sources */,
				EFEC313D24B39DE600C3BD13 /* GFTextField.swift in Sources */,
				EF84255224CAEF12003707FB /* GFDataLoadingVC.swift in Sources */,
				EFC2BC5424C42F3E00A662D6 /* String+Ext.swift in Sources */,
				EF3D06A524B453180001CD11 /* FollowerListVC.swift in Sources */,
				EFEC313924B341EE00C3BD13 /* FavoritesListVC.swift in Sources */,
				EF3D06AD24B4F00B0001CD11 /* UIViewController+Ext.swift in Sources */,
				EF3D06C524B848D60001CD11 /* UIHelper.swift in Sources */,
				EFC2BC4B24C3006400A662D6 /* GFItemInfoVC.swift in Sources */,
				EFEE81A424BEDD63006495BA /* Constants.swift in Sources */,
				EF3D06C324B6F5060001CD11 /* GFAvatarImageView.swift in Sources */,
				EFEC313B24B3992C00C3BD13 /* GFButton.swift in Sources */,
				EFC2BC4F24C3211E00A662D6 /* GFFollowerItemVC.swift in Sources */,
				EF3D06AB24B492050001CD11 /* GFAlertVC.swift in Sources */,
				EFD690FA24C6EB920007A031 /* FavoriteCell.swift in Sources */,
				EFC2BC4924C2EBBD00A662D6 /* GFItemInfoView.swift in Sources */,
				EFD690FD24C81A7A0007A031 /* GFTabBarController.swift in Sources */,
				EF3D06C124B6F4170001CD11 /* FollowerCell.swift in Sources */,
				EF3D06A924B490630001CD11 /* GFBodyLabel.swift in Sources */,
				EFEE81A024BD9E26006495BA /* GFUserInfoHeaderVC.swift in Sources */,
				EF52DE1524DBEDFD00C0EB0D /* UITableView+Ext.swift in Sources */,
				EF3D06BE24B58D5D0001CD11 /* GFError.swift in Sources */,
				EF84255024C96C40003707FB /* GFAlertContainerView.swift in Sources */,
				EF3D06B624B567680001CD11 /* Follower.swift in Sources */,
				EFC2BC5224C42EA900A662D6 /* Date+Ext.swift in Sources */,
				EFD690F824C6B5580007A031 /* PersistenceManager.swift in Sources */,
				EF3D06A724B48DB50001CD11 /* GFTitleLabel.swift in Sources */,
				EFEE81A224BECBD6006495BA /* GFSecondaryTitleLabel.swift in Sources */,
				EFEE819C24BB0C74006495BA /* GFEmptyStateView.swift in Sources */,
				EF3D06BB24B577B40001CD11 /* NetworkManager.swift in Sources */,
				EFEC313724B3419C00C3BD13 /* SearchVC.swift in Sources */,
				EFEC312324B3147D00C3BD13 /* AppDelegate.swift in Sources */,
				EF52DE1324DA6D4F00C0EB0D /* UIView+Ext.swift in Sources */,
				EFEC312524B3147D00C3BD13 /* SceneDelegate.swift in Sources */,
				EFEE819E24BCF1F6006495BA /* UserInfoVC.swift in Sources */,
			);
			runOnlyForDeploymentPostprocessing = 0;
		};
/* End PBXSourcesBuildPhase section */

/* Begin PBXVariantGroup section */
		EFEC312D24B3148000C3BD13 /* LaunchScreen.storyboard */ = {
			isa = PBXVariantGroup;
			children = (
				EFEC312E24B3148000C3BD13 /* Base */,
			);
			name = LaunchScreen.storyboard;
			sourceTree = "<group>";
		};
/* End PBXVariantGroup section */

/* Begin XCBuildConfiguration section */
		EFEC313124B3148000C3BD13 /* Debug */ = {
			isa = XCBuildConfiguration;
			buildSettings = {
				ALWAYS_SEARCH_USER_PATHS = NO;
				CLANG_ANALYZER_NONNULL = YES;
				CLANG_ANALYZER_NUMBER_OBJECT_CONVERSION = YES_AGGRESSIVE;
				CLANG_CXX_LANGUAGE_STANDARD = "gnu++14";
				CLANG_CXX_LIBRARY = "libc++";
				CLANG_ENABLE_MODULES = YES;
				CLANG_ENABLE_OBJC_ARC = YES;
				CLANG_ENABLE_OBJC_WEAK = YES;
				CLANG_WARN_BLOCK_CAPTURE_AUTORELEASING = YES;
				CLANG_WARN_BOOL_CONVERSION = YES;
				CLANG_WARN_COMMA = YES;
				CLANG_WARN_CONSTANT_CONVERSION = YES;
				CLANG_WARN_DEPRECATED_OBJC_IMPLEMENTATIONS = YES;
				CLANG_WARN_DIRECT_OBJC_ISA_USAGE = YES_ERROR;
				CLANG_WARN_DOCUMENTATION_COMMENTS = YES;
				CLANG_WARN_EMPTY_BODY = YES;
				CLANG_WARN_ENUM_CONVERSION = YES;
				CLANG_WARN_INFINITE_RECURSION = YES;
				CLANG_WARN_INT_CONVERSION = YES;
				CLANG_WARN_NON_LITERAL_NULL_CONVERSION = YES;
				CLANG_WARN_OBJC_IMPLICIT_RETAIN_SELF = YES;
				CLANG_WARN_OBJC_LITERAL_CONVERSION = YES;
				CLANG_WARN_OBJC_ROOT_CLASS = YES_ERROR;
				CLANG_WARN_RANGE_LOOP_ANALYSIS = YES;
				CLANG_WARN_STRICT_PROTOTYPES = YES;
				CLANG_WARN_SUSPICIOUS_MOVE = YES;
				CLANG_WARN_UNGUARDED_AVAILABILITY = YES_AGGRESSIVE;
				CLANG_WARN_UNREACHABLE_CODE = YES;
				CLANG_WARN__DUPLICATE_METHOD_MATCH = YES;
				COPY_PHASE_STRIP = NO;
				DEBUG_INFORMATION_FORMAT = dwarf;
				ENABLE_STRICT_OBJC_MSGSEND = YES;
				ENABLE_TESTABILITY = YES;
				GCC_C_LANGUAGE_STANDARD = gnu11;
				GCC_DYNAMIC_NO_PIC = NO;
				GCC_NO_COMMON_BLOCKS = YES;
				GCC_OPTIMIZATION_LEVEL = 0;
				GCC_PREPROCESSOR_DEFINITIONS = (
					"DEBUG=1",
					"$(inherited)",
				);
				GCC_WARN_64_TO_32_BIT_CONVERSION = YES;
				GCC_WARN_ABOUT_RETURN_TYPE = YES_ERROR;
				GCC_WARN_UNDECLARED_SELECTOR = YES;
				GCC_WARN_UNINITIALIZED_AUTOS = YES_AGGRESSIVE;
				GCC_WARN_UNUSED_FUNCTION = YES;
				GCC_WARN_UNUSED_VARIABLE = YES;
				IPHONEOS_DEPLOYMENT_TARGET = 13.5;
				MTL_ENABLE_DEBUG_INFO = INCLUDE_SOURCE;
				MTL_FAST_MATH = YES;
				ONLY_ACTIVE_ARCH = YES;
				SDKROOT = iphoneos;
				SWIFT_ACTIVE_COMPILATION_CONDITIONS = DEBUG;
				SWIFT_OPTIMIZATION_LEVEL = "-Onone";
			};
			name = Debug;
		};
		EFEC313224B3148000C3BD13 /* Release */ = {
			isa = XCBuildConfiguration;
			buildSettings = {
				ALWAYS_SEARCH_USER_PATHS = NO;
				CLANG_ANALYZER_NONNULL = YES;
				CLANG_ANALYZER_NUMBER_OBJECT_CONVERSION = YES_AGGRESSIVE;
				CLANG_CXX_LANGUAGE_STANDARD = "gnu++14";
				CLANG_CXX_LIBRARY = "libc++";
				CLANG_ENABLE_MODULES = YES;
				CLANG_ENABLE_OBJC_ARC = YES;
				CLANG_ENABLE_OBJC_WEAK = YES;
				CLANG_WARN_BLOCK_CAPTURE_AUTORELEASING = YES;
				CLANG_WARN_BOOL_CONVERSION = YES;
				CLANG_WARN_COMMA = YES;
				CLANG_WARN_CONSTANT_CONVERSION = YES;
				CLANG_WARN_DEPRECATED_OBJC_IMPLEMENTATIONS = YES;
				CLANG_WARN_DIRECT_OBJC_ISA_USAGE = YES_ERROR;
				CLANG_WARN_DOCUMENTATION_COMMENTS = YES;
				CLANG_WARN_EMPTY_BODY = YES;
				CLANG_WARN_ENUM_CONVERSION = YES;
				CLANG_WARN_INFINITE_RECURSION = YES;
				CLANG_WARN_INT_CONVERSION = YES;
				CLANG_WARN_NON_LITERAL_NULL_CONVERSION = YES;
				CLANG_WARN_OBJC_IMPLICIT_RETAIN_SELF = YES;
				CLANG_WARN_OBJC_LITERAL_CONVERSION = YES;
				CLANG_WARN_OBJC_ROOT_CLASS = YES_ERROR;
				CLANG_WARN_RANGE_LOOP_ANALYSIS = YES;
				CLANG_WARN_STRICT_PROTOTYPES = YES;
				CLANG_WARN_SUSPICIOUS_MOVE = YES;
				CLANG_WARN_UNGUARDED_AVAILABILITY = YES_AGGRESSIVE;
				CLANG_WARN_UNREACHABLE_CODE = YES;
				CLANG_WARN__DUPLICATE_METHOD_MATCH = YES;
				COPY_PHASE_STRIP = NO;
				DEBUG_INFORMATION_FORMAT = "dwarf-with-dsym";
				ENABLE_NS_ASSERTIONS = NO;
				ENABLE_STRICT_OBJC_MSGSEND = YES;
				GCC_C_LANGUAGE_STANDARD = gnu11;
				GCC_NO_COMMON_BLOCKS = YES;
				GCC_WARN_64_TO_32_BIT_CONVERSION = YES;
				GCC_WARN_ABOUT_RETURN_TYPE = YES_ERROR;
				GCC_WARN_UNDECLARED_SELECTOR = YES;
				GCC_WARN_UNINITIALIZED_AUTOS = YES_AGGRESSIVE;
				GCC_WARN_UNUSED_FUNCTION = YES;
				GCC_WARN_UNUSED_VARIABLE = YES;
				IPHONEOS_DEPLOYMENT_TARGET = 13.5;
				MTL_ENABLE_DEBUG_INFO = NO;
				MTL_FAST_MATH = YES;
				SDKROOT = iphoneos;
				SWIFT_COMPILATION_MODE = wholemodule;
				SWIFT_OPTIMIZATION_LEVEL = "-O";
				VALIDATE_PRODUCT = YES;
			};
			name = Release;
		};
		EFEC313424B3148000C3BD13 /* Debug */ = {
			isa = XCBuildConfiguration;
			buildSettings = {
				ASSETCATALOG_COMPILER_APPICON_NAME = AppIcon;
				CODE_SIGN_STYLE = Automatic;
				DEVELOPMENT_TEAM = L6JMSQ8S85;
				INFOPLIST_FILE = GitHubFollowers/Info.plist;
				LD_RUNPATH_SEARCH_PATHS = (
					"$(inherited)",
					"@executable_path/Frameworks",
				);
				PRODUCT_BUNDLE_IDENTIFIER = sd.khairi.GitHubFollowers;
				PRODUCT_NAME = "$(TARGET_NAME)";
				SWIFT_VERSION = 5.0;
				TARGETED_DEVICE_FAMILY = 1;
			};
			name = Debug;
		};
		EFEC313524B3148000C3BD13 /* Release */ = {
			isa = XCBuildConfiguration;
			buildSettings = {
				ASSETCATALOG_COMPILER_APPICON_NAME = AppIcon;
				CODE_SIGN_STYLE = Automatic;
				DEVELOPMENT_TEAM = L6JMSQ8S85;
				INFOPLIST_FILE = GitHubFollowers/Info.plist;
				LD_RUNPATH_SEARCH_PATHS = (
					"$(inherited)",
					"@executable_path/Frameworks",
				);
				PRODUCT_BUNDLE_IDENTIFIER = sd.khairi.GitHubFollowers;
				PRODUCT_NAME = "$(TARGET_NAME)";
				SWIFT_VERSION = 5.0;
				TARGETED_DEVICE_FAMILY = 1;
			};
			name = Release;
		};
/* End XCBuildConfiguration section */

/* Begin XCConfigurationList section */
		EFEC311A24B3147D00C3BD13 /* Build configuration list for PBXProject "GitHubFollowers" */ = {
			isa = XCConfigurationList;
			buildConfigurations = (
				EFEC313124B3148000C3BD13 /* Debug */,
				EFEC313224B3148000C3BD13 /* Release */,
			);
			defaultConfigurationIsVisible = 0;
			defaultConfigurationName = Release;
		};
		EFEC313324B3148000C3BD13 /* Build configuration list for PBXNativeTarget "GitHubFollowers" */ = {
			isa = XCConfigurationList;
			buildConfigurations = (
				EFEC313424B3148000C3BD13 /* Debug */,
				EFEC313524B3148000C3BD13 /* Release */,
			);
			defaultConfigurationIsVisible = 0;
			defaultConfigurationName = Release;
		};
/* End XCConfigurationList section */
	};
	rootObject = EFEC311724B3147D00C3BD13 /* Project object */;
}
